
Microsoft Visual Studio Solution File, Format Version 12.00
# Visual Studio 15
VisualStudioVersion = 15.0.28307.705
MinimumVisualStudioVersion = 10.0.40219.1
Project("{FAE04EC0-301F-11D3-BF4B-00C04F79EFBC}") = "WebAPIDemo", "WebAPIDemo\WebAPIDemo.csproj", "{FF2D3231-CC53-4F69-A529-A7111B98AB08}"
EndProject
Project("{FAE04EC0-301F-11D3-BF4B-00C04F79EFBC}") = "MyStore.MongoDB", "MyStore.MongoDB\MyStore.MongoDB.csproj", "{60651566-2EF3-44DD-82B1-6F3A0C88BC92}"
EndProject
Project("{FAE04EC0-301F-11D3-BF4B-00C04F79EFBC}") = "MyStore.Mongo.Repository", "MyStore.Mongo.Repository\MyStore.Mongo.Repository.csproj", "{8E848D91-604D-4115-943A-456326225A10}"
EndProject
Global
	GlobalSection(SolutionConfigurationPlatforms) = preSolution
		Debug|Any CPU = Debug|Any CPU
		Release|Any CPU = Release|Any CPU
	EndGlobalSection
	GlobalSection(ProjectConfigurationPlatforms) = postSolution
		{FF2D3231-CC53-4F69-A529-A7111B98AB08}.Debug|Any CPU.ActiveCfg = Debug|Any CPU
		{FF2D3231-CC53-4F69-A529-A7111B98AB08}.Debug|Any CPU.Build.0 = Debug|Any CPU
		{FF2D3231-CC53-4F69-A529-A7111B98AB08}.Release|Any CPU.ActiveCfg = Release|Any CPU
		{FF2D3231-CC53-4F69-A529-A7111B98AB08}.Release|Any CPU.Build.0 = Release|Any CPU
		{60651566-2EF3-44DD-82B1-6F3A0C88BC92}.Debug|Any CPU.ActiveCfg = Debug|Any CPU
		{60651566-2EF3-44DD-82B1-6F3A0C88BC92}.Debug|Any CPU.Build.0 = Debug|Any CPU
		{60651566-2EF3-44DD-82B1-6F3A0C88BC92}.Release|Any CPU.ActiveCfg = Release|Any CPU
		{60651566-2EF3-44DD-82B1-6F3A0C88BC92}.Release|Any CPU.Build.0 = Release|Any CPU
		{8E848D91-604D-4115-943A-456326225A10}.Debug|Any CPU.ActiveCfg = Debug|Any CPU
		{8E848D91-604D-4115-943A-456326225A10}.Debug|Any CPU.Build.0 = Debug|Any CPU
		{8E848D91-604D-4115-943A-456326225A10}.Release|Any CPU.ActiveCfg = Release|Any CPU
		{8E848D91-604D-4115-943A-456326225A10}.Release|Any CPU.Build.0 = Release|Any CPU
	EndGlobalSection
	GlobalSection(SolutionProperties) = preSolution
		HideSolutionNode = FALSE
	EndGlobalSection
	GlobalSection(ExtensibilityGlobals) = postSolution
		SolutionGuid = {6344BBEA-4654-40F0-9793-1F2F7D3EF7D7}
	EndGlobalSection
EndGlobal
